{
  "originHash" : "d9c806845e87ba3da8134b542386e61a2612ce6fd373ea7ebb0214a65f6fb86d",
  "pins" : [
    {
      "identity" : "signofftoolsupport",
      "kind" : "remoteSourceControl",
      "location" : "https://github.com/1amageek/SignoffToolSupport.git",
      "state" : {
        "branch" : "main",
        "revision" : "777adc160544043a803c986f4822e6ab06b4dfa8"
      }
    },
    {
      "identity" : "swift-mask-data",
      "kind" : "remoteSourceControl",
      "location" : "https://github.com/1amageek/swift-mask-data.git",
      "state" : {
        "branch" : "main",
        "revision" : "9dcad7a886f0c7dc470062f3ab346fac6e1048db"
      }
    }
  ],
  "version" : 3
}
